PODS:
  - TSToolKit_Swift (1.1.1)

DEPENDENCIES:
  - TSToolKit_Swift (from `https://github.com/StoneStoneStoneWang/TSToolKit_Swift.git`)

EXTERNAL SOURCES:
  TSToolKit_Swift:
    :git: https://github.com/StoneStoneStoneWang/TSToolKit_Swift.git

CHECKOUT OPTIONS:
  TSToolKit_Swift:
    :commit: caeca4da9fad868c2220a56fafadfb01d62df833
    :git: https://github.com/StoneStoneStoneWang/TSToolKit_Swift.git

SPEC CHECKSUMS:
  TSToolKit_Swift: 4f8605aaa825e634ba37e9b0b463337b61272e51

PODFILE CHECKSUM: 106bd8ca94cc4326e19fd63743c55a736fd2fc80

COCOAPODS: 1.5.3
